
Microsoft Visual Studio Solution File, Format Version 12.00
# Visual Studio Version 16
VisualStudioVersion = 16.0.31911.196
MinimumVisualStudioVersion = 10.0.40219.1
Project("{FAE04EC0-301F-11D3-BF4B-00C04F79EFBC}") = "Lab18", "Lab18\Lab18.csproj", "{EB946AFE-706B-4EC6-9AEA-79F10DEC3B1C}"
EndProject
Global
	GlobalSection(SolutionConfigurationPlatforms) = preSolution
		Debug|Any CPU = Debug|Any CPU
		Release|Any CPU = Release|Any CPU
	EndGlobalSection
	GlobalSection(ProjectConfigurationPlatforms) = postSolution
		{EB946AFE-706B-4EC6-9AEA-79F10DEC3B1C}.Debug|Any CPU.ActiveCfg = Debug|Any CPU
		{EB946AFE-706B-4EC6-9AEA-79F10DEC3B1C}.Debug|Any CPU.Build.0 = Debug|Any CPU
		{EB946AFE-706B-4EC6-9AEA-79F10DEC3B1C}.Release|Any CPU.ActiveCfg = Release|Any CPU
		{EB946AFE-706B-4EC6-9AEA-79F10DEC3B1C}.Release|Any CPU.Build.0 = Release|Any CPU
	EndGlobalSection
	GlobalSection(SolutionProperties) = preSolution
		HideSolutionNode = FALSE
	EndGlobalSection
	GlobalSection(ExtensibilityGlobals) = postSolution
		SolutionGuid = {53486196-8228-468A-8537-7B1E8F4DD910}
	EndGlobalSection
EndGlobal
